github.com/comprofix/comprofix-chirpy-static-assets v0.0.0-20260822133836-916a62840ba3 h1:VuCTXmq1CVgyKnon3Vj6RIW3y5PlRTXtzg6F8jofjQw=
github.com/comprofix/comprofix-chirpy-static-assets v0.0.0-20260822133836-916a62840ba3/go.mod h1:CeGHwXejRFmU0WStqGqIlJYwrK/jQZ2BwRfGcHlGBao=
github.com/comprofix/hugo-theme-chirpy v0.0.0-20260822133022-1b0fceadf5f5 h1:xfl98KK1HRLiG6jI5b6U3jF2SfiPMOVxfJOSc3nt4Kk=
github.com/comprofix/hugo-theme-chirpy v0.0.0-20260822133022-1b0fceadf5f5/go.mod h1:hTwltAzwp4lcTxxKdcmL1WqYns77XXwnNBjPRqP/7aI=
github.com/gohugoio/hugo-mod-jslibs-dist/popperjs/v2 v2.21100.20000 h1:GZxx4Hc+yb0/t3/rau1j8XlAxLE4CyXns2fqQbyqWfs=
github.com/gohugoio/hugo-mod-jslibs-dist/popperjs/v2 v2.21100.20000/go.mod h1:mFberT6ZtcchrsDtfvJM7aAH2bDKLdOnruUHl0hlapI=
github.com/twbs/bootstrap v5.3.8+incompatible h1:eK1fsXP7R/FWFt+sSNmmvUH9usPocf240nWVw7Dh02o=
github.com/twbs/bootstrap v5.3.8+incompatible/go.mod h1:fZTSrkpSf0/HkL0IIJzvVspTt1r9zuf7XlZau8kpcY0=
